{
  "name": "nodejs-js-client",
  "version": "0.0.0",
  "lockfileVersion": 2,
  "requires": true,
  "packages": {
    "": {
      "name": "nodejs-js-client",
      "version": "0.0.0",
      "dependencies": {
        "flagsio-js-sdk": "file:../../dist"
      }
    },
    "../../dist": {
      "version": "1.0.0",
      "license": "ISC"
    },
    "../../flagsio-js-sdk/dist": {
      "extraneous": true
    },
    "node_modules/flagsio-js-sdk": {
      "resolved": "../../dist",
      "link": true
    }
  },
  "dependencies": {
    "flagsio-js-sdk": {
      "version": "file:../../dist"
    }
  }
}
